PODS:
  - AFNetworking (3.1.0):
    - AFNetworking/NSURLSession (= 3.1.0)
    - AFNetworking/Reachability (= 3.1.0)
    - AFNetworking/Security (= 3.1.0)
    - AFNetworking/Serialization (= 3.1.0)
    - AFNetworking/UIKit (= 3.1.0)
  - AFNetworking/NSURLSession (3.1.0):
    - AFNetworking/Reachability
    - AFNetworking/Security
    - AFNetworking/Serialization
  - AFNetworking/Reachability (3.1.0)
  - AFNetworking/Security (3.1.0)
  - AFNetworking/Serialization (3.1.0)
  - AFNetworking/UIKit (3.1.0):
    - AFNetworking/NSURLSession
  - Aspects (1.4.1)
  - Bugly (2.5.0)
  - CocoaAsyncSocket (7.6.3)
  - Firebase/Core (4.13.0):
    - FirebaseAnalytics (= 4.2.0)
    - FirebaseCore (= 4.0.20)
  - FirebaseAnalytics (4.2.0):
    - FirebaseCore (~> 4.0)
    - FirebaseInstanceID (~> 2.0)
    - "GoogleToolboxForMac/NSData+zlib (~> 2.1)"
    - nanopb (~> 0.3)
  - FirebaseCore (4.0.20):
    - "GoogleToolboxForMac/NSData+zlib (~> 2.1)"
  - FirebaseInstanceID (2.0.10):
    - FirebaseCore (~> 4.0)
  - GoogleToolboxForMac/Defines (2.1.4)
  - "GoogleToolboxForMac/NSData+zlib (2.1.4)":
    - GoogleToolboxForMac/Defines (= 2.1.4)
  - Masonry (1.0.2)
  - MBProgressHUD (0.9.2)
  - MJRefresh (3.1.12)
  - nanopb (0.3.901):
    - nanopb/decode (= 0.3.901)
    - nanopb/encode (= 0.3.901)
  - nanopb/decode (0.3.901)
  - nanopb/encode (0.3.901)
  - SDWebImage (3.7.6):
    - SDWebImage/Core (= 3.7.6)
  - SDWebImage/Core (3.7.6)
  - YYKit (1.0.9):
    - YYKit/no-arc (= 1.0.9)
  - YYKit/no-arc (1.0.9)
  - ZFPlayer (3.2.10):
    - ZFPlayer/Core (= 3.2.10)
  - ZFPlayer/AVPlayer (3.2.10):
    - ZFPlayer/Core
  - ZFPlayer/ControlView (3.2.10):
    - ZFPlayer/Core
  - ZFPlayer/Core (3.2.10)

DEPENDENCIES:
  - AFNetworking (~> 3.1.0)
  - Aspects (~> 1.4.1)
  - Bugly
  - CocoaAsyncSocket (~> 7.6.3)
  - Firebase/Core
  - Masonry
  - MBProgressHUD (~> 0.9.1)
  - MJRefresh
  - SDWebImage (~> 3.7.1)
  - YYKit
  - ZFPlayer (~> 3.0)
  - ZFPlayer/AVPlayer (~> 3.0)
  - ZFPlayer/ControlView (~> 3.0)

SPEC REPOS:
  https://github.com/cocoapods/specs.git:
    - AFNetworking
    - Aspects
    - Bugly
    - CocoaAsyncSocket
    - Firebase
    - FirebaseAnalytics
    - FirebaseCore
    - FirebaseInstanceID
    - GoogleToolboxForMac
    - Masonry
    - MBProgressHUD
    - MJRefresh
    - nanopb
    - SDWebImage
    - YYKit
    - ZFPlayer

SPEC CHECKSUMS:
  AFNetworking: 5e0e199f73d8626b11e79750991f5d173d1f8b67
  Aspects: 7595ba96a6727a58ebcbfc954497fc5d2fdde546
  Bugly: 3ca9f255c01025582df26f9222893b383c7e4b4e
  CocoaAsyncSocket: eafaa68a7e0ec99ead0a7b35015e0bf25d2c8987
  Firebase: 5ec5e863d269d82d66b4bf56856726f8fb8f0fb3
  FirebaseAnalytics: 7ef69e76a5142f643aeb47c780e1cdce4e23632e
  FirebaseCore: 90cb1c53d69b556f112a1bf72b5fcfaad7650790
  FirebaseInstanceID: 8d20d890d65c917f9f7d9950b6e10a760ad34321
  GoogleToolboxForMac: 91c824d21e85b31c2aae9bb011c5027c9b4e738f
  Masonry: 7c429b56da9d4ee0bbb3ed77a5ea710d6a5df39e
  MBProgressHUD: 1569cf7ace17a8bac47aabfbb8580a49690386d1
  MJRefresh: b96cdb21c4aa75a7b07654311ab2f315c497e806
  nanopb: 2901f78ea1b7b4015c860c2fdd1ea2fee1a18d48
  SDWebImage: c325cf02c30337336b95beff20a13df489ec0ec9
  YYKit: 7cda43304a8dc3696c449041e2cb3107b4e236e7
  ZFPlayer: a51c6ffebaf06b91d373091bb4a62ee188cfc7de

PODFILE CHECKSUM: 6ddcfc6f3562299733296a3a84a182b57a355b6b

COCOAPODS: 1.7.0.beta.3
